// !$*UTF8*$!
{
	archiveVersion = 1;
	classes = {
	};
	objectVersion = 50;
	objects = {

/* Begin PBXBuildFile section */
		4A36DBB72253757A00F76E1B /* MainAppNavigationVC.swift in Sources */ = {isa = PBXBuildFile; fileRef = 4A36DBB62253757A00F76E1B /* MainAppNavigationVC.swift */; };
		4A36DBBC2253760500F76E1B /* AddProjectNameVC.swift in Sources */ = {isa = PBXBuildFile; fileRef = 4A36DBBB2253760500F76E1B /* AddProjectNameVC.swift */; };
		4A36DBBE2253761800F76E1B /* ProfileVC.swift in Sources */ = {isa = PBXBuildFile; fileRef = 4A36DBBD2253761800F76E1B /* ProfileVC.swift */; };
		4A36DBC022537CDC00F76E1B /* UINavigationController.swift in Sources */ = {isa = PBXBuildFile; fileRef = 4A36DBBF22537CDC00F76E1B /* UINavigationController.swift */; };
		4A36DBC222538E6A00F76E1B /* FeedVC.swift in Sources */ = {isa = PBXBuildFile; fileRef = 4A36DBC122538E6A00F76E1B /* FeedVC.swift */; };
		4A36DBC4225394D700F76E1B /* UIViewController.swift in Sources */ = {isa = PBXBuildFile; fileRef = 4A36DBC3225394D700F76E1B /* UIViewController.swift */; };
		4A36DBC92253B3EA00F76E1B /* AddProjectPasswordVC.swift in Sources */ = {isa = PBXBuildFile; fileRef = 4A36DBC82253B3EA00F76E1B /* AddProjectPasswordVC.swift */; };
		4A36DBCD2253BD8500F76E1B /* BaseCell.swift in Sources */ = {isa = PBXBuildFile; fileRef = 4A36DBCC2253BD8500F76E1B /* BaseCell.swift */; };
		4A36DBCF2253C44300F76E1B /* BaseReusableView.swift in Sources */ = {isa = PBXBuildFile; fileRef = 4A36DBCE2253C44300F76E1B /* BaseReusableView.swift */; };
		4A56CEB5224DA281008493CB /* MainActionButton.swift in Sources */ = {isa = PBXBuildFile; fileRef = 4A56CEB4224DA281008493CB /* MainActionButton.swift */; };
		4A56CEB7224DA9C9008493CB /* Sizes.swift in Sources */ = {isa = PBXBuildFile; fileRef = 4A56CEB6224DA9C9008493CB /* Sizes.swift */; };
		4A56CEB9224DACBC008493CB /* SignupVC.swift in Sources */ = {isa = PBXBuildFile; fileRef = 4A56CEB8224DACBC008493CB /* SignupVC.swift */; };
		4A56CEBB224DAD79008493CB /* MainActionButtonType.swift in Sources */ = {isa = PBXBuildFile; fileRef = 4A56CEBA224DAD79008493CB /* MainActionButtonType.swift */; };
		4A56CEBD224DAFEE008493CB /* LargeTitleView.swift in Sources */ = {isa = PBXBuildFile; fileRef = 4A56CEBC224DAFEE008493CB /* LargeTitleView.swift */; };
		4A56CEBF224DB7B5008493CB /* BackButton.swift in Sources */ = {isa = PBXBuildFile; fileRef = 4A56CEBE224DB7B5008493CB /* BackButton.swift */; };
		4A56CEC1224E373F008493CB /* CustomInputView.swift in Sources */ = {isa = PBXBuildFile; fileRef = 4A56CEC0224E373F008493CB /* CustomInputView.swift */; };
		4A56CEC5224E37A7008493CB /* BaseLabel.swift in Sources */ = {isa = PBXBuildFile; fileRef = 4A56CEC4224E37A7008493CB /* BaseLabel.swift */; };
		4A56CEC7224E3841008493CB /* String.swift in Sources */ = {isa = PBXBuildFile; fileRef = 4A56CEC6224E3841008493CB /* String.swift */; };
		4A56CECB224E513A008493CB /* BaseButton.swift in Sources */ = {isa = PBXBuildFile; fileRef = 4A56CECA224E513A008493CB /* BaseButton.swift */; };
		4A56CECF224E5DEE008493CB /* ForgotPasswordVC.swift in Sources */ = {isa = PBXBuildFile; fileRef = 4A56CECE224E5DEE008493CB /* ForgotPasswordVC.swift */; };
		4A56CED1224E5FAF008493CB /* AddAccountNameVC.swift in Sources */ = {isa = PBXBuildFile; fileRef = 4A56CED0224E5FAF008493CB /* AddAccountNameVC.swift */; };
		4A56CED3224E6255008493CB /* Fonts.swift in Sources */ = {isa = PBXBuildFile; fileRef = 4A56CED2224E6255008493CB /* Fonts.swift */; };
		4A56CED5224E6C9E008493CB /* AddAccountImageVC.swift in Sources */ = {isa = PBXBuildFile; fileRef = 4A56CED4224E6C9E008493CB /* AddAccountImageVC.swift */; };
		4A56CED7224E7FE7008493CB /* PermissionDeniedView.swift in Sources */ = {isa = PBXBuildFile; fileRef = 4A56CED6224E7FE7008493CB /* PermissionDeniedView.swift */; };
		4A56CED9224E855D008493CB /* NotificationName.swift in Sources */ = {isa = PBXBuildFile; fileRef = 4A56CED8224E855D008493CB /* NotificationName.swift */; };
		4A67BC60225BE23500939469 /* videotest.swift in Sources */ = {isa = PBXBuildFile; fileRef = 4A67BC5F225BE23500939469 /* videotest.swift */; };
		4A67BC62225C009000939469 /* AppDelegateHelper.swift in Sources */ = {isa = PBXBuildFile; fileRef = 4A67BC61225C009000939469 /* AppDelegateHelper.swift */; };
		4A799E09224D899D004EFA90 /* AppDelegate.swift in Sources */ = {isa = PBXBuildFile; fileRef = 4A799E08224D899D004EFA90 /* AppDelegate.swift */; };
		4A799E10224D89A1004EFA90 /* Assets.xcassets in Resources */ = {isa = PBXBuildFile; fileRef = 4A799E0F224D89A1004EFA90 /* Assets.xcassets */; };
		4A799E13224D89A1004EFA90 /* LaunchScreen.storyboard in Resources */ = {isa = PBXBuildFile; fileRef = 4A799E11224D89A1004EFA90 /* LaunchScreen.storyboard */; };
		4A799E1F224D8D7C004EFA90 /* LoginVC.swift in Sources */ = {isa = PBXBuildFile; fileRef = 4A799E1E224D8D7C004EFA90 /* LoginVC.swift */; };
		4A799E21224D8E93004EFA90 /* BaseView.swift in Sources */ = {isa = PBXBuildFile; fileRef = 4A799E20224D8E93004EFA90 /* BaseView.swift */; };
		4A799E24224D8F33004EFA90 /* LogoImageView.swift in Sources */ = {isa = PBXBuildFile; fileRef = 4A799E23224D8F33004EFA90 /* LogoImageView.swift */; };
		4A799E27224D9054004EFA90 /* BaseImageView.swift in Sources */ = {isa = PBXBuildFile; fileRef = 4A799E26224D9054004EFA90 /* BaseImageView.swift */; };
		4A799E2C224D921E004EFA90 /* UIView.swift in Sources */ = {isa = PBXBuildFile; fileRef = 4A799E2B224D921E004EFA90 /* UIView.swift */; };
		4A8F5BFB225BAD4400C4FF8B /* UICollectionView.swift in Sources */ = {isa = PBXBuildFile; fileRef = 4A8F5BFA225BAD4400C4FF8B /* UICollectionView.swift */; };
		4A8F5BFD225BC7FA00C4FF8B /* VideoCameraVC.swift in Sources */ = {isa = PBXBuildFile; fileRef = 4A8F5BFC225BC7FA00C4FF8B /* VideoCameraVC.swift */; };
		4A8F5C00225BD81C00C4FF8B /* VideoFilmingNavigationVC.swift in Sources */ = {isa = PBXBuildFile; fileRef = 4A8F5BFF225BD81C00C4FF8B /* VideoFilmingNavigationVC.swift */; };
		4AF6CD96225A5D7600F3AF87 /* AddNewSceneView.swift in Sources */ = {isa = PBXBuildFile; fileRef = 4AF6CD95225A5D7600F3AF87 /* AddNewSceneView.swift */; };
		4AF6CD98225A5F2600F3AF87 /* ExpandedAddNewSceneFooterView.swift in Sources */ = {isa = PBXBuildFile; fileRef = 4AF6CD97225A5F2600F3AF87 /* ExpandedAddNewSceneFooterView.swift */; };
		4AF6CD9A225A5F3E00F3AF87 /* AddNewSceneTakeView.swift in Sources */ = {isa = PBXBuildFile; fileRef = 4AF6CD99225A5F3E00F3AF87 /* AddNewSceneTakeView.swift */; };
		4AF6CD9C225A65B200F3AF87 /* SceneHeaderView.swift in Sources */ = {isa = PBXBuildFile; fileRef = 4AF6CD9B225A65B200F3AF87 /* SceneHeaderView.swift */; };
		4AFB2B66225535F600F99B16 /* AddProjectScenesVC.swift in Sources */ = {isa = PBXBuildFile; fileRef = 4AFB2B65225535F600F99B16 /* AddProjectScenesVC.swift */; };
		4AFB2B6C225616F900F99B16 /* AddNewSceneTakeFooterView.swift in Sources */ = {isa = PBXBuildFile; fileRef = 4AFB2B6B225616F900F99B16 /* AddNewSceneTakeFooterView.swift */; };
		4AFB2B6E225617F200F99B16 /* SceneCell.swift in Sources */ = {isa = PBXBuildFile; fileRef = 4AFB2B6D225617F200F99B16 /* SceneCell.swift */; };
		4AFB2B7022561F7C00F99B16 /* Colours.swift in Sources */ = {isa = PBXBuildFile; fileRef = 4AFB2B6F22561F7C00F99B16 /* Colours.swift */; };
		4AFB2B7222564ADA00F99B16 /* AuditionProject.swift in Sources */ = {isa = PBXBuildFile; fileRef = 4AFB2B7122564ADA00F99B16 /* AuditionProject.swift */; };
		6D29D7BDBD20C09F45A2F57E /* Pods_Castovision.framework in Frameworks */ = {isa = PBXBuildFile; fileRef = F5E4DB163392FF55AB82CE60 /* Pods_Castovision.framework */; };
/* End PBXBuildFile section */

/* Begin PBXFileReference section */
		4A36DBB62253757A00F76E1B /* MainAppNavigationVC.swift */ = {isa = PBXFileReference; lastKnownFileType = sourcecode.swift; path = MainAppNavigationVC.swift; sourceTree = "<group>"; };
		4A36DBBB2253760500F76E1B /* AddProjectNameVC.swift */ = {isa = PBXFileReference; lastKnownFileType = sourcecode.swift; path = AddProjectNameVC.swift; sourceTree = "<group>"; };
		4A36DBBD2253761800F76E1B /* ProfileVC.swift */ = {isa = PBXFileReference; lastKnownFileType = sourcecode.swift; path = ProfileVC.swift; sourceTree = "<group>"; };
		4A36DBBF22537CDC00F76E1B /* UINavigationController.swift */ = {isa = PBXFileReference; lastKnownFileType = sourcecode.swift; path = UINavigationController.swift; sourceTree = "<group>"; };
		4A36DBC122538E6A00F76E1B /* FeedVC.swift */ = {isa = PBXFileReference; lastKnownFileType = sourcecode.swift; path = FeedVC.swift; sourceTree = "<group>"; };
		4A36DBC3225394D700F76E1B /* UIViewController.swift */ = {isa = PBXFileReference; lastKnownFileType = sourcecode.swift; path = UIViewController.swift; sourceTree = "<group>"; };
		4A36DBC82253B3EA00F76E1B /* AddProjectPasswordVC.swift */ = {isa = PBXFileReference; lastKnownFileType = sourcecode.swift; path = AddProjectPasswordVC.swift; sourceTree = "<group>"; };
		4A36DBCC2253BD8500F76E1B /* BaseCell.swift */ = {isa = PBXFileReference; lastKnownFileType = sourcecode.swift; path = BaseCell.swift; sourceTree = "<group>"; };
		4A36DBCE2253C44300F76E1B /* BaseReusableView.swift */ = {isa = PBXFileReference; lastKnownFileType = sourcecode.swift; path = BaseReusableView.swift; sourceTree = "<group>"; };
		4A56CEB4224DA281008493CB /* MainActionButton.swift */ = {isa = PBXFileReference; lastKnownFileType = sourcecode.swift; path = MainActionButton.swift; sourceTree = "<group>"; };
		4A56CEB6224DA9C9008493CB /* Sizes.swift */ = {isa = PBXFileReference; lastKnownFileType = sourcecode.swift; path = Sizes.swift; sourceTree = "<group>"; };
		4A56CEB8224DACBC008493CB /* SignupVC.swift */ = {isa = PBXFileReference; lastKnownFileType = sourcecode.swift; path = SignupVC.swift; sourceTree = "<group>"; };
		4A56CEBA224DAD79008493CB /* MainActionButtonType.swift */ = {isa = PBXFileReference; lastKnownFileType = sourcecode.swift; path = MainActionButtonType.swift; sourceTree = "<group>"; };
		4A56CEBC224DAFEE008493CB /* LargeTitleView.swift */ = {isa = PBXFileReference; lastKnownFileType = sourcecode.swift; path = LargeTitleView.swift; sourceTree = "<group>"; };
		4A56CEBE224DB7B5008493CB /* BackButton.swift */ = {isa = PBXFileReference; lastKnownFileType = sourcecode.swift; path = BackButton.swift; sourceTree = "<group>"; };
		4A56CEC0224E373F008493CB /* CustomInputView.swift */ = {isa = PBXFileReference; lastKnownFileType = sourcecode.swift; path = CustomInputView.swift; sourceTree = "<group>"; };
		4A56CEC4224E37A7008493CB /* BaseLabel.swift */ = {isa = PBXFileReference; lastKnownFileType = sourcecode.swift; path = BaseLabel.swift; sourceTree = "<group>"; };
		4A56CEC6224E3841008493CB /* String.swift */ = {isa = PBXFileReference; lastKnownFileType = sourcecode.swift; path = String.swift; sourceTree = "<group>"; };
		4A56CECA224E513A008493CB /* BaseButton.swift */ = {isa = PBXFileReference; lastKnownFileType = sourcecode.swift; path = BaseButton.swift; sourceTree = "<group>"; };
		4A56CECE224E5DEE008493CB /* ForgotPasswordVC.swift */ = {isa = PBXFileReference; lastKnownFileType = sourcecode.swift; path = ForgotPasswordVC.swift; sourceTree = "<group>"; };
		4A56CED0224E5FAF008493CB /* AddAccountNameVC.swift */ = {isa = PBXFileReference; lastKnownFileType = sourcecode.swift; path = AddAccountNameVC.swift; sourceTree = "<group>"; };
		4A56CED2224E6255008493CB /* Fonts.swift */ = {isa = PBXFileReference; lastKnownFileType = sourcecode.swift; path = Fonts.swift; sourceTree = "<group>"; };
		4A56CED4224E6C9E008493CB /* AddAccountImageVC.swift */ = {isa = PBXFileReference; lastKnownFileType = sourcecode.swift; path = AddAccountImageVC.swift; sourceTree = "<group>"; };
		4A56CED6224E7FE7008493CB /* PermissionDeniedView.swift */ = {isa = PBXFileReference; lastKnownFileType = sourcecode.swift; path = PermissionDeniedView.swift; sourceTree = "<group>"; };
		4A56CED8224E855D008493CB /* NotificationName.swift */ = {isa = PBXFileReference; lastKnownFileType = sourcecode.swift; path = NotificationName.swift; sourceTree = "<group>"; };
		4A67BC5F225BE23500939469 /* videotest.swift */ = {isa = PBXFileReference; lastKnownFileType = sourcecode.swift; path = videotest.swift; sourceTree = "<group>"; };
		4A67BC61225C009000939469 /* AppDelegateHelper.swift */ = {isa = PBXFileReference; lastKnownFileType = sourcecode.swift; path = AppDelegateHelper.swift; sourceTree = "<group>"; };
		4A799E05224D899D004EFA90 /* Castovision.app */ = {isa = PBXFileReference; explicitFileType = wrapper.application; includeInIndex = 0; path = Castovision.app; sourceTree = BUILT_PRODUCTS_DIR; };
		4A799E08224D899D004EFA90 /* AppDelegate.swift */ = {isa = PBXFileReference; lastKnownFileType = sourcecode.swift; path = AppDelegate.swift; sourceTree = "<group>"; };
		4A799E0F224D89A1004EFA90 /* Assets.xcassets */ = {isa = PBXFileReference; lastKnownFileType = folder.assetcatalog; path = Assets.xcassets; sourceTree = "<group>"; };
		4A799E12224D89A1004EFA90 /* Base */ = {isa = PBXFileReference; lastKnownFileType = file.storyboard; name = Base; path = Base.lproj/LaunchScreen.storyboard; sourceTree = "<group>"; };
		4A799E14224D89A1004EFA90 /* Info.plist */ = {isa = PBXFileReference; lastKnownFileType = text.plist.xml; path = Info.plist; sourceTree = "<group>"; };
		4A799E1E224D8D7C004EFA90 /* LoginVC.swift */ = {isa = PBXFileReference; lastKnownFileType = sourcecode.swift; path = LoginVC.swift; sourceTree = "<group>"; };
		4A799E20224D8E93004EFA90 /* BaseView.swift */ = {isa = PBXFileReference; lastKnownFileType = sourcecode.swift; path = BaseView.swift; sourceTree = "<group>"; };
		4A799E23224D8F33004EFA90 /* LogoImageView.swift */ = {isa = PBXFileReference; lastKnownFileType = sourcecode.swift; path = LogoImageView.swift; sourceTree = "<group>"; };
		4A799E26224D9054004EFA90 /* BaseImageView.swift */ = {isa = PBXFileReference; lastKnownFileType = sourcecode.swift; path = BaseImageView.swift; sourceTree = "<group>"; };
		4A799E2B224D921E004EFA90 /* UIView.swift */ = {isa = PBXFileReference; lastKnownFileType = sourcecode.swift; path = UIView.swift; sourceTree = "<group>"; };
		4A8F5BFA225BAD4400C4FF8B /* UICollectionView.swift */ = {isa = PBXFileReference; lastKnownFileType = sourcecode.swift; path = UICollectionView.swift; sourceTree = "<group>"; };
		4A8F5BFC225BC7FA00C4FF8B /* VideoCameraVC.swift */ = {isa = PBXFileReference; lastKnownFileType = sourcecode.swift; path = VideoCameraVC.swift; sourceTree = "<group>"; };
		4A8F5BFF225BD81C00C4FF8B /* VideoFilmingNavigationVC.swift */ = {isa = PBXFileReference; lastKnownFileType = sourcecode.swift; path = VideoFilmingNavigationVC.swift; sourceTree = "<group>"; };
		4AF6CD95225A5D7600F3AF87 /* AddNewSceneView.swift */ = {isa = PBXFileReference; lastKnownFileType = sourcecode.swift; path = AddNewSceneView.swift; sourceTree = "<group>"; };
		4AF6CD97225A5F2600F3AF87 /* ExpandedAddNewSceneFooterView.swift */ = {isa = PBXFileReference; lastKnownFileType = sourcecode.swift; path = ExpandedAddNewSceneFooterView.swift; sourceTree = "<group>"; };
		4AF6CD99225A5F3E00F3AF87 /* AddNewSceneTakeView.swift */ = {isa = PBXFileReference; lastKnownFileType = sourcecode.swift; path = AddNewSceneTakeView.swift; sourceTree = "<group>"; };
		4AF6CD9B225A65B200F3AF87 /* SceneHeaderView.swift */ = {isa = PBXFileReference; lastKnownFileType = sourcecode.swift; path = SceneHeaderView.swift; sourceTree = "<group>"; };
		4AFB2B65225535F600F99B16 /* AddProjectScenesVC.swift */ = {isa = PBXFileReference; lastKnownFileType = sourcecode.swift; path = AddProjectScenesVC.swift; sourceTree = "<group>"; };
		4AFB2B6B225616F900F99B16 /* AddNewSceneTakeFooterView.swift */ = {isa = PBXFileReference; lastKnownFileType = sourcecode.swift; path = AddNewSceneTakeFooterView.swift; sourceTree = "<group>"; };
		4AFB2B6D225617F200F99B16 /* SceneCell.swift */ = {isa = PBXFileReference; lastKnownFileType = sourcecode.swift; path = SceneCell.swift; sourceTree = "<group>"; };
		4AFB2B6F22561F7C00F99B16 /* Colours.swift */ = {isa = PBXFileReference; lastKnownFileType = sourcecode.swift; path = Colours.swift; sourceTree = "<group>"; };
		4AFB2B7122564ADA00F99B16 /* AuditionProject.swift */ = {isa = PBXFileReference; lastKnownFileType = sourcecode.swift; path = AuditionProject.swift; sourceTree = "<group>"; };
		894BB2364F495CF9DF7282EB /* Pods-Castovision.release.xcconfig */ = {isa = PBXFileReference; includeInIndex = 1; lastKnownFileType = text.xcconfig; name = "Pods-Castovision.release.xcconfig"; path = "Pods/Target Support Files/Pods-Castovision/Pods-Castovision.release.xcconfig"; sourceTree = "<group>"; };
		89B353886499D7F86AF133AD /* Pods-Castovision.debug.xcconfig */ = {isa = PBXFileReference; includeInIndex = 1; lastKnownFileType = text.xcconfig; name = "Pods-Castovision.debug.xcconfig"; path = "Pods/Target Support Files/Pods-Castovision/Pods-Castovision.debug.xcconfig"; sourceTree = "<group>"; };
		F5E4DB163392FF55AB82CE60 /* Pods_Castovision.framework */ = {isa = PBXFileReference; explicitFileType = wrapper.framework; includeInIndex = 0; path = Pods_Castovision.framework; sourceTree = BUILT_PRODUCTS_DIR; };
/* End PBXFileReference section */

/* Begin PBXFrameworksBuildPhase section */
		4A799E02224D899D004EFA90 /* Frameworks */ = {
			isa = PBXFrameworksBuildPhase;
			buildActionMask = 2147483647;
			files = (
				6D29D7BDBD20C09F45A2F57E /* Pods_Castovision.framework in Frameworks */,
			);
			runOnlyForDeploymentPostprocessing = 0;
		};
/* End PBXFrameworksBuildPhase section */

/* Begin PBXGroup section */
		4A36DBB3225374C400F76E1B /* Main App */ = {
			isa = PBXGroup;
			children = (
				4A36DBB82253759200F76E1B /* Pages */,
				4A36DBB62253757A00F76E1B /* MainAppNavigationVC.swift */,
			);
			path = "Main App";
			sourceTree = "<group>";
		};
		4A36DBB82253759200F76E1B /* Pages */ = {
			isa = PBXGroup;
			children = (
				4A36DBC72253B34400F76E1B /* Feed */,
				4A36DBC62253B33C00F76E1B /* Profile */,
				4A36DBC52253B32B00F76E1B /* AddSelfTape */,
			);
			path = Pages;
			sourceTree = "<group>";
		};
		4A36DBC52253B32B00F76E1B /* AddSelfTape */ = {
			isa = PBXGroup;
			children = (
				4A8F5BFE225BD7D600C4FF8B /* FilmingSelfTape */,
				4A36DBBB2253760500F76E1B /* AddProjectNameVC.swift */,
				4A36DBC82253B3EA00F76E1B /* AddProjectPasswordVC.swift */,
				4AFB2B65225535F600F99B16 /* AddProjectScenesVC.swift */,
			);
			path = AddSelfTape;
			sourceTree = "<group>";
		};
		4A36DBC62253B33C00F76E1B /* Profile */ = {
			isa = PBXGroup;
			children = (
				4A36DBBD2253761800F76E1B /* ProfileVC.swift */,
			);
			path = Profile;
			sourceTree = "<group>";
		};
		4A36DBC72253B34400F76E1B /* Feed */ = {
			isa = PBXGroup;
			children = (
				4A36DBC122538E6A00F76E1B /* FeedVC.swift */,
			);
			path = Feed;
			sourceTree = "<group>";
		};
		4A799DFC224D899C004EFA90 = {
			isa = PBXGroup;
			children = (
				4A799E07224D899D004EFA90 /* Castovision */,
				4A799E06224D899D004EFA90 /* Products */,
				DA3226E6FC7C159B4A9C4190 /* Pods */,
				C6D4BA0B8AEF77D0808AAF07 /* Frameworks */,
			);
			sourceTree = "<group>";
		};
		4A799E06224D899D004EFA90 /* Products */ = {
			isa = PBXGroup;
			children = (
				4A799E05224D899D004EFA90 /* Castovision.app */,
			);
			name = Products;
			sourceTree = "<group>";
		};
		4A799E07224D899D004EFA90 /* Castovision */ = {
			isa = PBXGroup;
			children = (
				4A799E2A224D920C004EFA90 /* Services */,
				4A799E29224D9204004EFA90 /* Extensions */,
				4A799E28224D91ED004EFA90 /* Utilities */,
				4A799E1C224D8CE8004EFA90 /* Models */,
				4A799E1B224D8CE2004EFA90 /* Views */,
				4A799E1A224D8CD0004EFA90 /* Controllers */,
				4A799E08224D899D004EFA90 /* AppDelegate.swift */,
				4A799E0F224D89A1004EFA90 /* Assets.xcassets */,
				4A799E11224D89A1004EFA90 /* LaunchScreen.storyboard */,
				4A799E14224D89A1004EFA90 /* Info.plist */,
			);
			path = Castovision;
			sourceTree = "<group>";
		};
		4A799E1A224D8CD0004EFA90 /* Controllers */ = {
			isa = PBXGroup;
			children = (
				4A36DBB3225374C400F76E1B /* Main App */,
				4A799E1D224D8D50004EFA90 /* Authentication */,
			);
			path = Controllers;
			sourceTree = "<group>";
		};
		4A799E1B224D8CE2004EFA90 /* Views */ = {
			isa = PBXGroup;
			children = (
				4AFB2B6A225616CA00F99B16 /* CollectionReusableViews */,
				4AFB2B69225616BA00F99B16 /* Buttons */,
				4AFB2B682256169800F99B16 /* Views */,
				4AFB2B672256168000F99B16 /* Cells */,
				4A799E22224D8F1B004EFA90 /* Base */,
			);
			path = Views;
			sourceTree = "<group>";
		};
		4A799E1C224D8CE8004EFA90 /* Models */ = {
			isa = PBXGroup;
			children = (
				4A56CEBA224DAD79008493CB /* MainActionButtonType.swift */,
				4AFB2B7122564ADA00F99B16 /* AuditionProject.swift */,
			);
			path = Models;
			sourceTree = "<group>";
		};
		4A799E1D224D8D50004EFA90 /* Authentication */ = {
			isa = PBXGroup;
			children = (
				4A799E1E224D8D7C004EFA90 /* LoginVC.swift */,
				4A56CEB8224DACBC008493CB /* SignupVC.swift */,
				4A56CECE224E5DEE008493CB /* ForgotPasswordVC.swift */,
				4A56CED0224E5FAF008493CB /* AddAccountNameVC.swift */,
				4A56CED4224E6C9E008493CB /* AddAccountImageVC.swift */,
			);
			path = Authentication;
			sourceTree = "<group>";
		};
		4A799E22224D8F1B004EFA90 /* Base */ = {
			isa = PBXGroup;
			children = (
				4A799E20224D8E93004EFA90 /* BaseView.swift */,
				4A799E26224D9054004EFA90 /* BaseImageView.swift */,
				4A56CEC4224E37A7008493CB /* BaseLabel.swift */,
				4A56CECA224E513A008493CB /* BaseButton.swift */,
				4A36DBCC2253BD8500F76E1B /* BaseCell.swift */,
				4A36DBCE2253C44300F76E1B /* BaseReusableView.swift */,
			);
			path = Base;
			sourceTree = "<group>";
		};
		4A799E28224D91ED004EFA90 /* Utilities */ = {
			isa = PBXGroup;
			children = (
				4A56CEB6224DA9C9008493CB /* Sizes.swift */,
				4A56CED2224E6255008493CB /* Fonts.swift */,
				4AFB2B6F22561F7C00F99B16 /* Colours.swift */,
			);
			path = Utilities;
			sourceTree = "<group>";
		};
		4A799E29224D9204004EFA90 /* Extensions */ = {
			isa = PBXGroup;
			children = (
				4A799E2B224D921E004EFA90 /* UIView.swift */,
				4A56CEC6224E3841008493CB /* String.swift */,
				4A56CED8224E855D008493CB /* NotificationName.swift */,
				4A36DBBF22537CDC00F76E1B /* UINavigationController.swift */,
				4A36DBC3225394D700F76E1B /* UIViewController.swift */,
				4A8F5BFA225BAD4400C4FF8B /* UICollectionView.swift */,
				4A67BC61225C009000939469 /* AppDelegateHelper.swift */,
			);
			path = Extensions;
			sourceTree = "<group>";
		};
		4A799E2A224D920C004EFA90 /* Services */ = {
			isa = PBXGroup;
			children = (
			);
			path = Services;
			sourceTree = "<group>";
		};
		4A8F5BFE225BD7D600C4FF8B /* FilmingSelfTape */ = {
			isa = PBXGroup;
			children = (
				4A8F5BFC225BC7FA00C4FF8B /* VideoCameraVC.swift */,
				4A8F5BFF225BD81C00C4FF8B /* VideoFilmingNavigationVC.swift */,
				4A67BC5F225BE23500939469 /* videotest.swift */,
			);
			path = FilmingSelfTape;
			sourceTree = "<group>";
		};
		4AFB2B672256168000F99B16 /* Cells */ = {
			isa = PBXGroup;
			children = (
				4AFB2B6D225617F200F99B16 /* SceneCell.swift */,
			);
			path = Cells;
			sourceTree = "<group>";
		};
		4AFB2B682256169800F99B16 /* Views */ = {
			isa = PBXGroup;
			children = (
				4A56CEBC224DAFEE008493CB /* LargeTitleView.swift */,
				4A799E23224D8F33004EFA90 /* LogoImageView.swift */,
				4A56CEC0224E373F008493CB /* CustomInputView.swift */,
				4A56CED6224E7FE7008493CB /* PermissionDeniedView.swift */,
				4AF6CD95225A5D7600F3AF87 /* AddNewSceneView.swift */,
				4AF6CD99225A5F3E00F3AF87 /* AddNewSceneTakeView.swift */,
			);
			path = Views;
			sourceTree = "<group>";
		};
		4AFB2B69225616BA00F99B16 /* Buttons */ = {
			isa = PBXGroup;
			children = (
				4A56CEB4224DA281008493CB /* MainActionButton.swift */,
				4A56CEBE224DB7B5008493CB /* BackButton.swift */,
			);
			path = Buttons;
			sourceTree = "<group>";
		};
		4AFB2B6A225616CA00F99B16 /* CollectionReusableViews */ = {
			isa = PBXGroup;
			children = (
				4AFB2B6B225616F900F99B16 /* AddNewSceneTakeFooterView.swift */,
				4AF6CD97225A5F2600F3AF87 /* ExpandedAddNewSceneFooterView.swift */,
				4AF6CD9B225A65B200F3AF87 /* SceneHeaderView.swift */,
			);
			path = CollectionReusableViews;
			sourceTree = "<group>";
		};
		C6D4BA0B8AEF77D0808AAF07 /* Frameworks */ = {
			isa = PBXGroup;
			children = (
				F5E4DB163392FF55AB82CE60 /* Pods_Castovision.framework */,
			);
			name = Frameworks;
			sourceTree = "<group>";
		};
		DA3226E6FC7C159B4A9C4190 /* Pods */ = {
			isa = PBXGroup;
			children = (
				89B353886499D7F86AF133AD /* Pods-Castovision.debug.xcconfig */,
				894BB2364F495CF9DF7282EB /* Pods-Castovision.release.xcconfig */,
			);
			name = Pods;
			sourceTree = "<group>";
		};
/* End PBXGroup section */

/* Begin PBXNativeTarget section */
		4A799E04224D899D004EFA90 /* Castovision */ = {
			isa = PBXNativeTarget;
			buildConfigurationList = 4A799E17224D89A1004EFA90 /* Build configuration list for PBXNativeTarget "Castovision" */;
			buildPhases = (
				11EAA9BC95493B1787E42C68 /* [CP] Check Pods Manifest.lock */,
				4A799E01224D899D004EFA90 /* Sources */,
				4A799E02224D899D004EFA90 /* Frameworks */,
				4A799E03224D899D004EFA90 /* Resources */,
				C48CC855FAAF9BBC8FF60970 /* [CP] Embed Pods Frameworks */,
			);
			buildRules = (
			);
			dependencies = (
			);
			name = Castovision;
			productName = Castovision;
			productReference = 4A799E05224D899D004EFA90 /* Castovision.app */;
			productType = "com.apple.product-type.application";
		};
/* End PBXNativeTarget section */

/* Begin PBXProject section */
		4A799DFD224D899C004EFA90 /* Project object */ = {
			isa = PBXProject;
			attributes = {
				LastSwiftUpdateCheck = 1010;
				LastUpgradeCheck = 1010;
				ORGANIZATIONNAME = harryferrier;
				TargetAttributes = {
					4A799E04224D899D004EFA90 = {
						CreatedOnToolsVersion = 10.1;
						LastSwiftMigration = 1020;
					};
				};
			};
			buildConfigurationList = 4A799E00224D899C004EFA90 /* Build configuration list for PBXProject "Castovision" */;
			compatibilityVersion = "Xcode 9.3";
			developmentRegion = en;
			hasScannedForEncodings = 0;
			knownRegions = (
				en,
				Base,
			);
			mainGroup = 4A799DFC224D899C004EFA90;
			productRefGroup = 4A799E06224D899D004EFA90 /* Products */;
			projectDirPath = "";
			projectRoot = "";
			targets = (
				4A799E04224D899D004EFA90 /* Castovision */,
			);
		};
/* End PBXProject section */

/* Begin PBXResourcesBuildPhase section */
		4A799E03224D899D004EFA90 /* Resources */ = {
			isa = PBXResourcesBuildPhase;
			buildActionMask = 2147483647;
			files = (
				4A799E13224D89A1004EFA90 /* LaunchScreen.storyboard in Resources */,
				4A799E10224D89A1004EFA90 /* Assets.xcassets in Resources */,
			);
			runOnlyForDeploymentPostprocessing = 0;
		};
/* End PBXResourcesBuildPhase section */

/* Begin PBXShellScriptBuildPhase section */
		11EAA9BC95493B1787E42C68 /* [CP] Check Pods Manifest.lock */ = {
			isa = PBXShellScriptBuildPhase;
			buildActionMask = 2147483647;
			files = (
			);
			inputPaths = (
				"${PODS_PODFILE_DIR_PATH}/Podfile.lock",
				"${PODS_ROOT}/Manifest.lock",
			);
			name = "[CP] Check Pods Manifest.lock";
			outputPaths = (
				"$(DERIVED_FILE_DIR)/Pods-Castovision-checkManifestLockResult.txt",
			);
			runOnlyForDeploymentPostprocessing = 0;
			shellPath = /bin/sh;
			shellScript = "diff \"${PODS_PODFILE_DIR_PATH}/Podfile.lock\" \"${PODS_ROOT}/Manifest.lock\" > /dev/null\nif [ $? != 0 ] ; then\n    # print error to STDERR\n    echo \"error: The sandbox is not in sync with the Podfile.lock. Run 'pod install' or update your CocoaPods installation.\" >&2\n    exit 1\nfi\n# This output is used by Xcode 'outputs' to avoid re-running this script phase.\necho \"SUCCESS\" > \"${SCRIPT_OUTPUT_FILE_0}\"\n";
			showEnvVarsInLog = 0;
		};
		C48CC855FAAF9BBC8FF60970 /* [CP] Embed Pods Frameworks */ = {
			isa = PBXShellScriptBuildPhase;
			buildActionMask = 2147483647;
			files = (
			);
			inputPaths = (
				"${SRCROOT}/Pods/Target Support Files/Pods-Castovision/Pods-Castovision-frameworks.sh",
				"${BUILT_PRODUCTS_DIR}/CameraManager/CameraManager.framework",
			);
			name = "[CP] Embed Pods Frameworks";
			outputPaths = (
				"${TARGET_BUILD_DIR}/${FRAMEWORKS_FOLDER_PATH}/CameraManager.framework",
			);
			runOnlyForDeploymentPostprocessing = 0;
			shellPath = /bin/sh;
			shellScript = "\"${SRCROOT}/Pods/Target Support Files/Pods-Castovision/Pods-Castovision-frameworks.sh\"\n";
			showEnvVarsInLog = 0;
		};
/* End PBXShellScriptBuildPhase section */

/* Begin PBXSourcesBuildPhase section */
		4A799E01224D899D004EFA90 /* Sources */ = {
			isa = PBXSourcesBuildPhase;
			buildActionMask = 2147483647;
			files = (
				4A36DBC222538E6A00F76E1B /* FeedVC.swift in Sources */,
				4AFB2B7022561F7C00F99B16 /* Colours.swift in Sources */,
				4AF6CD98225A5F2600F3AF87 /* ExpandedAddNewSceneFooterView.swift in Sources */,
				4A67BC62225C009000939469 /* AppDelegateHelper.swift in Sources */,
				4A799E21224D8E93004EFA90 /* BaseView.swift in Sources */,
				4A56CED9224E855D008493CB /* NotificationName.swift in Sources */,
				4A799E24224D8F33004EFA90 /* LogoImageView.swift in Sources */,
				4AF6CD9C225A65B200F3AF87 /* SceneHeaderView.swift in Sources */,
				4A56CEB5224DA281008493CB /* MainActionButton.swift in Sources */,
				4AFB2B6C225616F900F99B16 /* AddNewSceneTakeFooterView.swift in Sources */,
				4A56CED1224E5FAF008493CB /* AddAccountNameVC.swift in Sources */,
				4A56CEB9224DACBC008493CB /* SignupVC.swift in Sources */,
				4A8F5C00225BD81C00C4FF8B /* VideoFilmingNavigationVC.swift in Sources */,
				4A36DBC022537CDC00F76E1B /* UINavigationController.swift in Sources */,
				4A56CEC5224E37A7008493CB /* BaseLabel.swift in Sources */,
				4AF6CD9A225A5F3E00F3AF87 /* AddNewSceneTakeView.swift in Sources */,
				4AF6CD96225A5D7600F3AF87 /* AddNewSceneView.swift in Sources */,
				4A56CEC1224E373F008493CB /* CustomInputView.swift in Sources */,
				4A36DBC92253B3EA00F76E1B /* AddProjectPasswordVC.swift in Sources */,
				4A36DBBE2253761800F76E1B /* ProfileVC.swift in Sources */,
				4A799E27224D9054004EFA90 /* BaseImageView.swift in Sources */,
				4AFB2B66225535F600F99B16 /* AddProjectScenesVC.swift in Sources */,
				4A56CED5224E6C9E008493CB /* AddAccountImageVC.swift in Sources */,
				4A56CED7224E7FE7008493CB /* PermissionDeniedView.swift in Sources */,
				4A36DBC4225394D700F76E1B /* UIViewController.swift in Sources */,
				4AFB2B6E225617F200F99B16 /* SceneCell.swift in Sources */,
				4A67BC60225BE23500939469 /* videotest.swift in Sources */,
				4AFB2B7222564ADA00F99B16 /* AuditionProject.swift in Sources */,
				4A56CEBD224DAFEE008493CB /* LargeTitleView.swift in Sources */,
				4A56CEB7224DA9C9008493CB /* Sizes.swift in Sources */,
				4A56CEBB224DAD79008493CB /* MainActionButtonType.swift in Sources */,
				4A56CEBF224DB7B5008493CB /* BackButton.swift in Sources */,
				4A8F5BFD225BC7FA00C4FF8B /* VideoCameraVC.swift in Sources */,
				4A36DBCD2253BD8500F76E1B /* BaseCell.swift in Sources */,
				4A799E1F224D8D7C004EFA90 /* LoginVC.swift in Sources */,
				4A799E2C224D921E004EFA90 /* UIView.swift in Sources */,
				4A36DBBC2253760500F76E1B /* AddProjectNameVC.swift in Sources */,
				4A56CECF224E5DEE008493CB /* ForgotPasswordVC.swift in Sources */,
				4A56CEC7224E3841008493CB /* String.swift in Sources */,
				4A36DBCF2253C44300F76E1B /* BaseReusableView.swift in Sources */,
				4A56CECB224E513A008493CB /* BaseButton.swift in Sources */,
				4A56CED3224E6255008493CB /* Fonts.swift in Sources */,
				4A36DBB72253757A00F76E1B /* MainAppNavigationVC.swift in Sources */,
				4A8F5BFB225BAD4400C4FF8B /* UICollectionView.swift in Sources */,
				4A799E09224D899D004EFA90 /* AppDelegate.swift in Sources */,
			);
			runOnlyForDeploymentPostprocessing = 0;
		};
/* End PBXSourcesBuildPhase section */

/* Begin PBXVariantGroup section */
		4A799E11224D89A1004EFA90 /* LaunchScreen.storyboard */ = {
			isa = PBXVariantGroup;
			children = (
				4A799E12224D89A1004EFA90 /* Base */,
			);
			name = LaunchScreen.storyboard;
			sourceTree = "<group>";
		};
/* End PBXVariantGroup section */

/* Begin XCBuildConfiguration section */
		4A799E15224D89A1004EFA90 /* Debug */ = {
			isa = XCBuildConfiguration;
			buildSettings = {
				ALWAYS_SEARCH_USER_PATHS = NO;
				CLANG_ANALYZER_NONNULL = YES;
				CLANG_ANALYZER_NUMBER_OBJECT_CONVERSION = YES_AGGRESSIVE;
				CLANG_CXX_LANGUAGE_STANDARD = "gnu++14";
				CLANG_CXX_LIBRARY = "libc++";
				CLANG_ENABLE_MODULES = YES;
				CLANG_ENABLE_OBJC_ARC = YES;
				CLANG_ENABLE_OBJC_WEAK = YES;
				CLANG_WARN_BLOCK_CAPTURE_AUTORELEASING = YES;
				CLANG_WARN_BOOL_CONVERSION = YES;
				CLANG_WARN_COMMA = YES;
				CLANG_WARN_CONSTANT_CONVERSION = YES;
				CLANG_WARN_DEPRECATED_OBJC_IMPLEMENTATIONS = YES;
				CLANG_WARN_DIRECT_OBJC_ISA_USAGE = YES_ERROR;
				CLANG_WARN_DOCUMENTATION_COMMENTS = YES;
				CLANG_WARN_EMPTY_BODY = YES;
				CLANG_WARN_ENUM_CONVERSION = YES;
				CLANG_WARN_INFINITE_RECURSION = YES;
				CLANG_WARN_INT_CONVERSION = YES;
				CLANG_WARN_NON_LITERAL_NULL_CONVERSION = YES;
				CLANG_WARN_OBJC_IMPLICIT_RETAIN_SELF = YES;
				CLANG_WARN_OBJC_LITERAL_CONVERSION = YES;
				CLANG_WARN_OBJC_ROOT_CLASS = YES_ERROR;
				CLANG_WARN_RANGE_LOOP_ANALYSIS = YES;
				CLANG_WARN_STRICT_PROTOTYPES = YES;
				CLANG_WARN_SUSPICIOUS_MOVE = YES;
				CLANG_WARN_UNGUARDED_AVAILABILITY = YES_AGGRESSIVE;
				CLANG_WARN_UNREACHABLE_CODE = YES;
				CLANG_WARN__DUPLICATE_METHOD_MATCH = YES;
				CODE_SIGN_IDENTITY = "iPhone Developer";
				COPY_PHASE_STRIP = NO;
				DEBUG_INFORMATION_FORMAT = dwarf;
				ENABLE_STRICT_OBJC_MSGSEND = YES;
				ENABLE_TESTABILITY = YES;
				GCC_C_LANGUAGE_STANDARD = gnu11;
				GCC_DYNAMIC_NO_PIC = NO;
				GCC_NO_COMMON_BLOCKS = YES;
				GCC_OPTIMIZATION_LEVEL = 0;
				GCC_PREPROCESSOR_DEFINITIONS = (
					"DEBUG=1",
					"$(inherited)",
				);
				GCC_WARN_64_TO_32_BIT_CONVERSION = YES;
				GCC_WARN_ABOUT_RETURN_TYPE = YES_ERROR;
				GCC_WARN_UNDECLARED_SELECTOR = YES;
				GCC_WARN_UNINITIALIZED_AUTOS = YES_AGGRESSIVE;
				GCC_WARN_UNUSED_FUNCTION = YES;
				GCC_WARN_UNUSED_VARIABLE = YES;
				IPHONEOS_DEPLOYMENT_TARGET = 12.1;
				MTL_ENABLE_DEBUG_INFO = INCLUDE_SOURCE;
				MTL_FAST_MATH = YES;
				ONLY_ACTIVE_ARCH = YES;
				SDKROOT = iphoneos;
				SWIFT_ACTIVE_COMPILATION_CONDITIONS = DEBUG;
				SWIFT_OPTIMIZATION_LEVEL = "-Onone";
			};
			name = Debug;
		};
		4A799E16224D89A1004EFA90 /* Release */ = {
			isa = XCBuildConfiguration;
			buildSettings = {
				ALWAYS_SEARCH_USER_PATHS = NO;
				CLANG_ANALYZER_NONNULL = YES;
				CLANG_ANALYZER_NUMBER_OBJECT_CONVERSION = YES_AGGRESSIVE;
				CLANG_CXX_LANGUAGE_STANDARD = "gnu++14";
				CLANG_CXX_LIBRARY = "libc++";
				CLANG_ENABLE_MODULES = YES;
				CLANG_ENABLE_OBJC_ARC = YES;
				CLANG_ENABLE_OBJC_WEAK = YES;
				CLANG_WARN_BLOCK_CAPTURE_AUTORELEASING = YES;
				CLANG_WARN_BOOL_CONVERSION = YES;
				CLANG_WARN_COMMA = YES;
				CLANG_WARN_CONSTANT_CONVERSION = YES;
				CLANG_WARN_DEPRECATED_OBJC_IMPLEMENTATIONS = YES;
				CLANG_WARN_DIRECT_OBJC_ISA_USAGE = YES_ERROR;
				CLANG_WARN_DOCUMENTATION_COMMENTS = YES;
				CLANG_WARN_EMPTY_BODY = YES;
				CLANG_WARN_ENUM_CONVERSION = YES;
				CLANG_WARN_INFINITE_RECURSION = YES;
				CLANG_WARN_INT_CONVERSION = YES;
				CLANG_WARN_NON_LITERAL_NULL_CONVERSION = YES;
				CLANG_WARN_OBJC_IMPLICIT_RETAIN_SELF = YES;
				CLANG_WARN_OBJC_LITERAL_CONVERSION = YES;
				CLANG_WARN_OBJC_ROOT_CLASS = YES_ERROR;
				CLANG_WARN_RANGE_LOOP_ANALYSIS = YES;
				CLANG_WARN_STRICT_PROTOTYPES = YES;
				CLANG_WARN_SUSPICIOUS_MOVE = YES;
				CLANG_WARN_UNGUARDED_AVAILABILITY = YES_AGGRESSIVE;
				CLANG_WARN_UNREACHABLE_CODE = YES;
				CLANG_WARN__DUPLICATE_METHOD_MATCH = YES;
				CODE_SIGN_IDENTITY = "iPhone Developer";
				COPY_PHASE_STRIP = NO;
				DEBUG_INFORMATION_FORMAT = "dwarf-with-dsym";
				ENABLE_NS_ASSERTIONS = NO;
				ENABLE_STRICT_OBJC_MSGSEND = YES;
				GCC_C_LANGUAGE_STANDARD = gnu11;
				GCC_NO_COMMON_BLOCKS = YES;
				GCC_WARN_64_TO_32_BIT_CONVERSION = YES;
				GCC_WARN_ABOUT_RETURN_TYPE = YES_ERROR;
				GCC_WARN_UNDECLARED_SELECTOR = YES;
				GCC_WARN_UNINITIALIZED_AUTOS = YES_AGGRESSIVE;
				GCC_WARN_UNUSED_FUNCTION = YES;
				GCC_WARN_UNUSED_VARIABLE = YES;
				IPHONEOS_DEPLOYMENT_TARGET = 12.1;
				MTL_ENABLE_DEBUG_INFO = NO;
				MTL_FAST_MATH = YES;
				SDKROOT = iphoneos;
				SWIFT_COMPILATION_MODE = wholemodule;
				SWIFT_OPTIMIZATION_LEVEL = "-O";
				VALIDATE_PRODUCT = YES;
			};
			name = Release;
		};
		4A799E18224D89A1004EFA90 /* Debug */ = {
			isa = XCBuildConfiguration;
			baseConfigurationReference = 89B353886499D7F86AF133AD /* Pods-Castovision.debug.xcconfig */;
			buildSettings = {
				ASSETCATALOG_COMPILER_APPICON_NAME = AppIcon;
				CODE_SIGN_STYLE = Automatic;
				DEVELOPMENT_TEAM = 74HAHD97KA;
				INFOPLIST_FILE = Castovision/Info.plist;
				LD_RUNPATH_SEARCH_PATHS = (
					"$(inherited)",
					"@executable_path/Frameworks",
				);
				PRODUCT_BUNDLE_IDENTIFIER = com.harryferrier.Castovision;
				PRODUCT_NAME = "$(TARGET_NAME)";
				SWIFT_VERSION = 5.0;
				TARGETED_DEVICE_FAMILY = "1,2";
			};
			name = Debug;
		};
		4A799E19224D89A1004EFA90 /* Release */ = {
			isa = XCBuildConfiguration;
			baseConfigurationReference = 894BB2364F495CF9DF7282EB /* Pods-Castovision.release.xcconfig */;
			buildSettings = {
				ASSETCATALOG_COMPILER_APPICON_NAME = AppIcon;
				CODE_SIGN_STYLE = Automatic;
				DEVELOPMENT_TEAM = 74HAHD97KA;
				INFOPLIST_FILE = Castovision/Info.plist;
				LD_RUNPATH_SEARCH_PATHS = (
					"$(inherited)",
					"@executable_path/Frameworks",
				);
				PRODUCT_BUNDLE_IDENTIFIER = com.harryferrier.Castovision;
				PRODUCT_NAME = "$(TARGET_NAME)";
				SWIFT_VERSION = 5.0;
				TARGETED_DEVICE_FAMILY = "1,2";
			};
			name = Release;
		};
/* End XCBuildConfiguration section */

/* Begin XCConfigurationList section */
		4A799E00224D899C004EFA90 /* Build configuration list for PBXProject "Castovision" */ = {
			isa = XCConfigurationList;
			buildConfigurations = (
				4A799E15224D89A1004EFA90 /* Debug */,
				4A799E16224D89A1004EFA90 /* Release */,
			);
			defaultConfigurationIsVisible = 0;
			defaultConfigurationName = Release;
		};
		4A799E17224D89A1004EFA90 /* Build configuration list for PBXNativeTarget "Castovision" */ = {
			isa = XCConfigurationList;
			buildConfigurations = (
				4A799E18224D89A1004EFA90 /* Debug */,
				4A799E19224D89A1004EFA90 /* Release */,
			);
			defaultConfigurationIsVisible = 0;
			defaultConfigurationName = Release;
		};
/* End XCConfigurationList section */
	};
	rootObject = 4A799DFD224D899C004EFA90 /* Project object */;
}
